
Microsoft Visual Studio Solution File, Format Version 12.00
# Visual Studio Version 16
VisualStudioVersion = 16.0.30011.22
MinimumVisualStudioVersion = 10.0.40219.1
Project("{2150E333-8FDC-42A3-9474-1A3956D46DE8}") = "AvaloniaUI", "AvaloniaUI", "{06FB6BF6-4AB7-468D-AF2D-89B8EDD6E4C2}"
EndProject
Project("{2150E333-8FDC-42A3-9474-1A3956D46DE8}") = "Core", "Core", "{14284B65-3202-462F-A933-80DB508724B7}"
EndProject
Project("{2150E333-8FDC-42A3-9474-1A3956D46DE8}") = "WPF", "WPF", "{53C1023C-357F-4EE0-939C-22162A3717A7}"
EndProject
Project("{9A19103F-16F7-4668-BE54-9A1E7A4F7556}") = "Explorer.Avalonia.UI", "AvaloniaUI\Explorer.Avalonia.UI\Explorer.Avalonia.UI.csproj", "{91D936CB-351E-49C4-9416-97EEF47BE21A}"
EndProject
Project("{9A19103F-16F7-4668-BE54-9A1E7A4F7556}") = "Explorer.Shared.ViewModels", "Core\Explorer.Shared.ViewModels\Explorer.Shared.ViewModels.csproj", "{838ABDAE-E691-4EEF-BDD4-66485379DC34}"
EndProject
Project("{2150E333-8FDC-42A3-9474-1A3956D46DE8}") = "Controls", "Controls", "{1C3A40FD-4728-4F03-822C-808D614B6F0D}"
EndProject
Project("{2150E333-8FDC-42A3-9474-1A3956D46DE8}") = "Controls", "Controls", "{4932951E-9AEB-4DBB-8737-8CE00EAB4B66}"
EndProject
Project("{9A19103F-16F7-4668-BE54-9A1E7A4F7556}") = "Egorozh.GoogleChromeWindow.AvaloniaUI", "AvaloniaUI\Controls\Egorozh.GoogleChromeWindow.AvaloniaUI\Egorozh.GoogleChromeWindow.AvaloniaUI.csproj", "{6DD2213E-8606-41BD-A766-E8DA8E4CB830}"
EndProject
Project("{9A19103F-16F7-4668-BE54-9A1E7A4F7556}") = "Egorozh.GoogleChromeWindow.WPF", "WPF\Controls\Egorozh.GoogleChromeWindow.WPF\Egorozh.GoogleChromeWindow.WPF.csproj", "{885F194E-6B8B-4A83-9D6E-96D22A823D47}"
EndProject
Project("{9A19103F-16F7-4668-BE54-9A1E7A4F7556}") = "ChromER.WPF.UI", "WPF\ChromER.WPF.UI\ChromER.WPF.UI.csproj", "{5603267B-BED4-4F17-B1F1-E1A6A29C538B}"
EndProject
Global
	GlobalSection(SolutionConfigurationPlatforms) = preSolution
		Debug|Any CPU = Debug|Any CPU
		Release|Any CPU = Release|Any CPU
	EndGlobalSection
	GlobalSection(ProjectConfigurationPlatforms) = postSolution
		{91D936CB-351E-49C4-9416-97EEF47BE21A}.Debug|Any CPU.ActiveCfg = Debug|Any CPU
		{91D936CB-351E-49C4-9416-97EEF47BE21A}.Debug|Any CPU.Build.0 = Debug|Any CPU
		{91D936CB-351E-49C4-9416-97EEF47BE21A}.Release|Any CPU.ActiveCfg = Release|Any CPU
		{91D936CB-351E-49C4-9416-97EEF47BE21A}.Release|Any CPU.Build.0 = Release|Any CPU
		{838ABDAE-E691-4EEF-BDD4-66485379DC34}.Debug|Any CPU.ActiveCfg = Debug|Any CPU
		{838ABDAE-E691-4EEF-BDD4-66485379DC34}.Debug|Any CPU.Build.0 = Debug|Any CPU
		{838ABDAE-E691-4EEF-BDD4-66485379DC34}.Release|Any CPU.ActiveCfg = Release|Any CPU
		{838ABDAE-E691-4EEF-BDD4-66485379DC34}.Release|Any CPU.Build.0 = Release|Any CPU
		{6DD2213E-8606-41BD-A766-E8DA8E4CB830}.Debug|Any CPU.ActiveCfg = Debug|Any CPU
		{6DD2213E-8606-41BD-A766-E8DA8E4CB830}.Debug|Any CPU.Build.0 = Debug|Any CPU
		{6DD2213E-8606-41BD-A766-E8DA8E4CB830}.Release|Any CPU.ActiveCfg = Release|Any CPU
		{6DD2213E-8606-41BD-A766-E8DA8E4CB830}.Release|Any CPU.Build.0 = Release|Any CPU
		{885F194E-6B8B-4A83-9D6E-96D22A823D47}.Debug|Any CPU.ActiveCfg = Debug|Any CPU
		{885F194E-6B8B-4A83-9D6E-96D22A823D47}.Debug|Any CPU.Build.0 = Debug|Any CPU
		{885F194E-6B8B-4A83-9D6E-96D22A823D47}.Release|Any CPU.ActiveCfg = Release|Any CPU
		{885F194E-6B8B-4A83-9D6E-96D22A823D47}.Release|Any CPU.Build.0 = Release|Any CPU
		{5603267B-BED4-4F17-B1F1-E1A6A29C538B}.Debug|Any CPU.ActiveCfg = Debug|Any CPU
		{5603267B-BED4-4F17-B1F1-E1A6A29C538B}.Debug|Any CPU.Build.0 = Debug|Any CPU
		{5603267B-BED4-4F17-B1F1-E1A6A29C538B}.Release|Any CPU.ActiveCfg = Release|Any CPU
		{5603267B-BED4-4F17-B1F1-E1A6A29C538B}.Release|Any CPU.Build.0 = Release|Any CPU
	EndGlobalSection
	GlobalSection(SolutionProperties) = preSolution
		HideSolutionNode = FALSE
	EndGlobalSection
	GlobalSection(NestedProjects) = preSolution
		{91D936CB-351E-49C4-9416-97EEF47BE21A} = {06FB6BF6-4AB7-468D-AF2D-89B8EDD6E4C2}
		{838ABDAE-E691-4EEF-BDD4-66485379DC34} = {14284B65-3202-462F-A933-80DB508724B7}
		{1C3A40FD-4728-4F03-822C-808D614B6F0D} = {53C1023C-357F-4EE0-939C-22162A3717A7}
		{4932951E-9AEB-4DBB-8737-8CE00EAB4B66} = {06FB6BF6-4AB7-468D-AF2D-89B8EDD6E4C2}
		{6DD2213E-8606-41BD-A766-E8DA8E4CB830} = {4932951E-9AEB-4DBB-8737-8CE00EAB4B66}
		{885F194E-6B8B-4A83-9D6E-96D22A823D47} = {1C3A40FD-4728-4F03-822C-808D614B6F0D}
		{5603267B-BED4-4F17-B1F1-E1A6A29C538B} = {53C1023C-357F-4EE0-939C-22162A3717A7}
	EndGlobalSection
	GlobalSection(ExtensibilityGlobals) = postSolution
		SolutionGuid = {B25000C6-E314-45E7-874B-69C955B90F19}
	EndGlobalSection
EndGlobal
