
Microsoft Visual Studio Solution File, Format Version 12.00
# Visual Studio Version 16
VisualStudioVersion = 16.0.30011.22
MinimumVisualStudioVersion = 10.0.40219.1
Project("{9A19103F-16F7-4668-BE54-9A1E7A4F7556}") = "ChromER", "ChromER\ChromER.csproj", "{DFC6E723-DFFC-4339-B3F4-D71377AC7820}"
EndProject
Project("{2150E333-8FDC-42A3-9474-1A3956D46DE8}") = "SDK", "SDK", "{D5C804DD-9A3B-42D2-A3C3-111656653D37}"
EndProject
Project("{9A19103F-16F7-4668-BE54-9A1E7A4F7556}") = "ChromER.SDK", "SDK\ChromER.SDK\ChromER.SDK.csproj", "{D98EEC25-0F99-4E1B-982F-AAB192A80FDD}"
EndProject
Project("{2150E333-8FDC-42A3-9474-1A3956D46DE8}") = "Plugins", "Plugins", "{EB563B9D-86B5-4B97-88B4-F9696B386C16}"
EndProject
Project("{9A19103F-16F7-4668-BE54-9A1E7A4F7556}") = "ChromER.GoogleChromeStyle", "Plugins\ChromER.GoogleChromeStyle\ChromER.GoogleChromeStyle.csproj", "{D2DFE8C0-E20D-470F-B022-1E4EC6429E72}"
EndProject
Project("{FAE04EC0-301F-11D3-BF4B-00C04F79EFBC}") = "ChromER.SDK.Implementation", "ChromER.SDK.Implementation\ChromER.SDK.Implementation.csproj", "{A65819C4-905C-4491-BA53-30BB733062B2}"
EndProject
Global
	GlobalSection(SolutionConfigurationPlatforms) = preSolution
		Debug|Any CPU = Debug|Any CPU
		Release|Any CPU = Release|Any CPU
	EndGlobalSection
	GlobalSection(ProjectConfigurationPlatforms) = postSolution
		{DFC6E723-DFFC-4339-B3F4-D71377AC7820}.Debug|Any CPU.ActiveCfg = Debug|Any CPU
		{DFC6E723-DFFC-4339-B3F4-D71377AC7820}.Debug|Any CPU.Build.0 = Debug|Any CPU
		{DFC6E723-DFFC-4339-B3F4-D71377AC7820}.Release|Any CPU.ActiveCfg = Release|Any CPU
		{DFC6E723-DFFC-4339-B3F4-D71377AC7820}.Release|Any CPU.Build.0 = Release|Any CPU
		{D98EEC25-0F99-4E1B-982F-AAB192A80FDD}.Debug|Any CPU.ActiveCfg = Debug|Any CPU
		{D98EEC25-0F99-4E1B-982F-AAB192A80FDD}.Debug|Any CPU.Build.0 = Debug|Any CPU
		{D98EEC25-0F99-4E1B-982F-AAB192A80FDD}.Release|Any CPU.ActiveCfg = Release|Any CPU
		{D98EEC25-0F99-4E1B-982F-AAB192A80FDD}.Release|Any CPU.Build.0 = Release|Any CPU
		{D2DFE8C0-E20D-470F-B022-1E4EC6429E72}.Debug|Any CPU.ActiveCfg = Debug|Any CPU
		{D2DFE8C0-E20D-470F-B022-1E4EC6429E72}.Debug|Any CPU.Build.0 = Debug|Any CPU
		{D2DFE8C0-E20D-470F-B022-1E4EC6429E72}.Release|Any CPU.ActiveCfg = Release|Any CPU
		{D2DFE8C0-E20D-470F-B022-1E4EC6429E72}.Release|Any CPU.Build.0 = Release|Any CPU
		{A65819C4-905C-4491-BA53-30BB733062B2}.Debug|Any CPU.ActiveCfg = Debug|Any CPU
		{A65819C4-905C-4491-BA53-30BB733062B2}.Debug|Any CPU.Build.0 = Debug|Any CPU
		{A65819C4-905C-4491-BA53-30BB733062B2}.Release|Any CPU.ActiveCfg = Release|Any CPU
		{A65819C4-905C-4491-BA53-30BB733062B2}.Release|Any CPU.Build.0 = Release|Any CPU
	EndGlobalSection
	GlobalSection(SolutionProperties) = preSolution
		HideSolutionNode = FALSE
	EndGlobalSection
	GlobalSection(NestedProjects) = preSolution
		{D98EEC25-0F99-4E1B-982F-AAB192A80FDD} = {D5C804DD-9A3B-42D2-A3C3-111656653D37}
		{D2DFE8C0-E20D-470F-B022-1E4EC6429E72} = {EB563B9D-86B5-4B97-88B4-F9696B386C16}
	EndGlobalSection
	GlobalSection(ExtensibilityGlobals) = postSolution
		SolutionGuid = {B25000C6-E314-45E7-874B-69C955B90F19}
	EndGlobalSection
EndGlobal
